{
  "name": "dsh-a2a-messenger",
  "version": "0.1.0",
  "lockfileVersion": 3,
  "requires": true,
  "packages": {
    "": {
      "name": "dsh-a2a-messenger",
      "version": "0.1.0",
      "license": "MIT",
      "bin": {
        "dsh-a2a": "src/cli.mjs"
      },
      "engines": {
        "node": ">=22.13.0"
      }
    }
  }
}
